
Microsoft Visual Studio Solution File, Format Version 12.00
# Visual Studio 15
Project("{FAE04EC0-301F-11D3-BF4B-00C04F79EFBC}") = "Unity.Timeline", "Unity.Timeline.csproj", "{8D672FE8-8BEF-ABD5-79FE-E3B4EED6EA4E}"
EndProject
Project("{FAE04EC0-301F-11D3-BF4B-00C04F79EFBC}") = "Unity.PlasticSCM.Editor", "Unity.PlasticSCM.Editor.csproj", "{4EAEAA6E-A8E5-C7E2-0697-28D89A550CB8}"
EndProject
Project("{FAE04EC0-301F-11D3-BF4B-00C04F79EFBC}") = "Unity.ShaderGraph.Editor", "Unity.ShaderGraph.Editor.csproj", "{0322FC5D-D739-B1E3-3107-05837D39072A}"
EndProject
Project("{FAE04EC0-301F-11D3-BF4B-00C04F79EFBC}") = "Unity.2D.Aseprite.Editor", "Unity.2D.Aseprite.Editor.csproj", "{5D61135D-846B-EBED-75C3-CFCB737BA416}"
EndProject
Project("{FAE04EC0-301F-11D3-BF4B-00C04F79EFBC}") = "Unity.VisualScripting.Flow", "Unity.VisualScripting.Flow.csproj", "{D86A01AE-6ABD-9EAF-7C44-EE1F37D5489F}"
EndProject
Project("{FAE04EC0-301F-11D3-BF4B-00C04F79EFBC}") = "Unity.RenderPipelines.Universal.Runtime", "Unity.RenderPipelines.Universal.Runtime.csproj", "{FD4B93DA-E197-6BD5-64CC-D96767CE7548}"
EndProject
Project("{FAE04EC0-301F-11D3-BF4B-00C04F79EFBC}") = "UnityEditor.UI", "UnityEditor.UI.csproj", "{C0273606-A8BC-3F02-8602-5AE54A766A17}"
EndProject
Project("{FAE04EC0-301F-11D3-BF4B-00C04F79EFBC}") = "Unity.Timeline.Editor", "Unity.Timeline.Editor.csproj", "{2D5C4EE5-78F8-EB19-0668-4530CAFAEB95}"
EndProject
Project("{FAE04EC0-301F-11D3-BF4B-00C04F79EFBC}") = "Unity.RenderPipelines.Core.Runtime", "Unity.RenderPipelines.Core.Runtime.csproj", "{6733947E-707A-C450-6ED9-70ACBD475E88}"
EndProject
Project("{FAE04EC0-301F-11D3-BF4B-00C04F79EFBC}") = "Unity.Mathematics", "Unity.Mathematics.csproj", "{9B45EEA6-0EF1-DB82-16C4-B0E6BBB9B078}"
EndProject
Project("{FAE04EC0-301F-11D3-BF4B-00C04F79EFBC}") = "Unity.RenderPipelines.Core.Editor", "Unity.RenderPipelines.Core.Editor.csproj", "{38313A43-5697-905A-3B9F-66170E6C4368}"
EndProject
Project("{FAE04EC0-301F-11D3-BF4B-00C04F79EFBC}") = "Unity.2D.Common.Path.Editor", "Unity.2D.Common.Path.Editor.csproj", "{8953895E-96E4-6EED-2981-AC4D04665845}"
EndProject
Project("{FAE04EC0-301F-11D3-BF4B-00C04F79EFBC}") = "Unity.2D.Psdimporter.Editor", "Unity.2D.Psdimporter.Editor.csproj", "{3ACFC61F-53AB-613E-7186-2CA3FC3F8F5D}"
EndProject
Project("{FAE04EC0-301F-11D3-BF4B-00C04F79EFBC}") = "Unity.VisualScripting.Core.Editor", "Unity.VisualScripting.Core.Editor.csproj", "{07256922-2FBA-D0FF-6FF5-5802E58CDE46}"
EndProject
Project("{FAE04EC0-301F-11D3-BF4B-00C04F79EFBC}") = "Unity.2D.IK.Runtime", "Unity.2D.IK.Runtime.csproj", "{F3B6BEFB-921F-1DA9-BB87-1DD96CB87C4B}"
EndProject
Project("{FAE04EC0-301F-11D3-BF4B-00C04F79EFBC}") = "UnityEditor.TestRunner", "UnityEditor.TestRunner.csproj", "{0C453135-1CB6-CF3F-0B72-FC899EB7A48C}"
EndProject
Project("{FAE04EC0-301F-11D3-BF4B-00C04F79EFBC}") = "Unity.RenderPipelines.Universal.Editor", "Unity.RenderPipelines.Universal.Editor.csproj", "{F1053FD4-FF45-85CF-E548-BC424623A26D}"
EndProject
Project("{FAE04EC0-301F-11D3-BF4B-00C04F79EFBC}") = "Unity.TextMeshPro.Editor", "Unity.TextMeshPro.Editor.csproj", "{22394E08-0D89-86A2-1107-748F8C35EC47}"
EndProject
Project("{FAE04EC0-301F-11D3-BF4B-00C04F79EFBC}") = "Unity.VisualScripting.Flow.Editor", "Unity.VisualScripting.Flow.Editor.csproj", "{4D2414DF-6B65-337D-197E-3F94108DBFB3}"
EndProject
Project("{FAE04EC0-301F-11D3-BF4B-00C04F79EFBC}") = "UnityEngine.TestRunner", "UnityEngine.TestRunner.csproj", "{410F25A0-DA2A-1642-D118-C99FCA0C5824}"
EndProject
Project("{FAE04EC0-301F-11D3-BF4B-00C04F79EFBC}") = "Unity.VisualScripting.Core", "Unity.VisualScripting.Core.csproj", "{CB8A89E9-902D-79AE-8FB1-067D0436E2BA}"
EndProject
Project("{FAE04EC0-301F-11D3-BF4B-00C04F79EFBC}") = "Unity.2D.Tilemap.Editor", "Unity.2D.Tilemap.Editor.csproj", "{1D61A87B-ED1E-AB49-12DF-E67468F13063}"
EndProject
Project("{FAE04EC0-301F-11D3-BF4B-00C04F79EFBC}") = "Unity.Searcher.Editor", "Unity.Searcher.Editor.csproj", "{5645AFDB-B764-542F-456A-EB5A61A5108F}"
EndProject
Project("{FAE04EC0-301F-11D3-BF4B-00C04F79EFBC}") = "Unity.Burst", "Unity.Burst.csproj", "{99C46EE6-DFAB-378A-0FB0-BCF19EEDC099}"
EndProject
Project("{FAE04EC0-301F-11D3-BF4B-00C04F79EFBC}") = "PsdPlugin", "PsdPlugin.csproj", "{C8956E76-793A-58D6-A9F9-154D51E3E5A9}"
EndProject
Project("{FAE04EC0-301F-11D3-BF4B-00C04F79EFBC}") = "Unity.Collections", "Unity.Collections.csproj", "{7EBC986A-0F2E-8640-0757-2FCF595A2D89}"
EndProject
Project("{FAE04EC0-301F-11D3-BF4B-00C04F79EFBC}") = "Unity.2D.Animation.Editor", "Unity.2D.Animation.Editor.csproj", "{FD6844C3-1710-50D3-C7D2-B93A4EFCD70B}"
EndProject
Project("{FAE04EC0-301F-11D3-BF4B-00C04F79EFBC}") = "Unity.2D.SpriteShape.Editor", "Unity.2D.SpriteShape.Editor.csproj", "{58104BB9-BE37-CE66-9CE3-6D6FA2215692}"
EndProject
Project("{FAE04EC0-301F-11D3-BF4B-00C04F79EFBC}") = "Unity.VisualStudio.Editor", "Unity.VisualStudio.Editor.csproj", "{42B1E612-6E50-0B39-D20F-029E72201183}"
EndProject
Project("{FAE04EC0-301F-11D3-BF4B-00C04F79EFBC}") = "PPv2URPConverters", "PPv2URPConverters.csproj", "{7E51E005-AC7E-7D1C-EB6E-A5C748CFA9F3}"
EndProject
Project("{FAE04EC0-301F-11D3-BF4B-00C04F79EFBC}") = "Unity.Rider.Editor", "Unity.Rider.Editor.csproj", "{CEC64C0E-FD27-F8F8-B2AB-88221B9618A8}"
EndProject
Project("{FAE04EC0-301F-11D3-BF4B-00C04F79EFBC}") = "Unity.InternalAPIEditorBridge.001", "Unity.InternalAPIEditorBridge.001.csproj", "{35D1E245-DC89-CEA2-2C64-6CE0BD4DAF99}"
EndProject
Project("{FAE04EC0-301F-11D3-BF4B-00C04F79EFBC}") = "Unity.2D.SpriteShape.Runtime", "Unity.2D.SpriteShape.Runtime.csproj", "{6283F470-A880-0F3F-26FB-D7E7AAA12A4D}"
EndProject
Project("{FAE04EC0-301F-11D3-BF4B-00C04F79EFBC}") = "Unity.VisualScripting.State.Editor", "Unity.VisualScripting.State.Editor.csproj", "{B8F851B1-6B8C-34A1-64AD-874BE8C51C94}"
EndProject
Project("{FAE04EC0-301F-11D3-BF4B-00C04F79EFBC}") = "UnityEngine.UI", "UnityEngine.UI.csproj", "{D8346BD7-4692-D630-2B0A-2D7C1295F439}"
EndProject
Project("{FAE04EC0-301F-11D3-BF4B-00C04F79EFBC}") = "Unity.Burst.CodeGen", "Unity.Burst.CodeGen.csproj", "{CE750CED-7D9C-2B19-6961-12B9017B93A9}"
EndProject
Project("{FAE04EC0-301F-11D3-BF4B-00C04F79EFBC}") = "Unity.RenderPipeline.Universal.ShaderLibrary", "Unity.RenderPipeline.Universal.ShaderLibrary.csproj", "{4D53DC7B-538F-572B-A26D-2D133E29F799}"
EndProject
Project("{FAE04EC0-301F-11D3-BF4B-00C04F79EFBC}") = "Unity.VisualScripting.State", "Unity.VisualScripting.State.csproj", "{D807CF9F-E28E-34BC-A0EE-95002A9F96EC}"
EndProject
Project("{FAE04EC0-301F-11D3-BF4B-00C04F79EFBC}") = "Unity.TextMeshPro", "Unity.TextMeshPro.csproj", "{12CADA85-1FCD-190B-3747-BF40F066EB16}"
EndProject
Project("{FAE04EC0-301F-11D3-BF4B-00C04F79EFBC}") = "Unity.2D.Tilemap.Extras.Editor", "Unity.2D.Tilemap.Extras.Editor.csproj", "{667EBAC8-274D-8181-960B-8221370F2365}"
EndProject
Project("{FAE04EC0-301F-11D3-BF4B-00C04F79EFBC}") = "Unity.2D.Animation.Runtime", "Unity.2D.Animation.Runtime.csproj", "{12CEE3D5-2F4D-E569-543C-6E78A6404E54}"
EndProject
Project("{FAE04EC0-301F-11D3-BF4B-00C04F79EFBC}") = "Unity.VisualScripting.SettingsProvider.Editor", "Unity.VisualScripting.SettingsProvider.Editor.csproj", "{65A8D28B-A5D4-5011-E2C2-DF116EDA58A8}"
EndProject
Project("{FAE04EC0-301F-11D3-BF4B-00C04F79EFBC}") = "Unity.2D.IK.Editor", "Unity.2D.IK.Editor.csproj", "{E6A6E9BC-EEE2-A281-0991-10532DFAA2E8}"
EndProject
Project("{FAE04EC0-301F-11D3-BF4B-00C04F79EFBC}") = "Unity.InternalAPIEngineBridge.001", "Unity.InternalAPIEngineBridge.001.csproj", "{A353B825-E7A5-8030-A495-84FEC5BE03BB}"
EndProject
Project("{FAE04EC0-301F-11D3-BF4B-00C04F79EFBC}") = "Unity.2D.Aseprite.Common", "Unity.2D.Aseprite.Common.csproj", "{54A98A3A-FB45-4CB5-BB0E-F340C904FCD5}"
EndProject
Project("{FAE04EC0-301F-11D3-BF4B-00C04F79EFBC}") = "Unity.Burst.Editor", "Unity.Burst.Editor.csproj", "{E4C04770-91D0-1E2E-FC26-99012E102842}"
EndProject
Project("{FAE04EC0-301F-11D3-BF4B-00C04F79EFBC}") = "Unity.2D.Common.Editor", "Unity.2D.Common.Editor.csproj", "{EF6DD96C-E090-63C8-CBEC-83872B87F847}"
EndProject
Project("{FAE04EC0-301F-11D3-BF4B-00C04F79EFBC}") = "Unity.RenderPipelines.Universal.2D.Internal", "Unity.RenderPipelines.Universal.2D.Internal.csproj", "{F450AF8B-6679-D122-BC8B-995F87167A6D}"
EndProject
Project("{FAE04EC0-301F-11D3-BF4B-00C04F79EFBC}") = "Unity.2D.PixelPerfect", "Unity.2D.PixelPerfect.csproj", "{0FA91081-5400-4CF7-DD45-0E6772BA0228}"
EndProject
Project("{FAE04EC0-301F-11D3-BF4B-00C04F79EFBC}") = "Unity.2D.PixelPerfect.Editor", "Unity.2D.PixelPerfect.Editor.csproj", "{0CE8AAFD-558D-495E-9552-3F46CEBC5058}"
EndProject
Project("{FAE04EC0-301F-11D3-BF4B-00C04F79EFBC}") = "Unity.2D.Common.Runtime", "Unity.2D.Common.Runtime.csproj", "{8811E8C5-9DB6-B2EA-1D4E-57A8C447A9DA}"
EndProject
Project("{FAE04EC0-301F-11D3-BF4B-00C04F79EFBC}") = "Unity.2D.Sprite.Editor", "Unity.2D.Sprite.Editor.csproj", "{67EE3B25-311E-2C7E-3339-8A74E85103E4}"
EndProject
Project("{FAE04EC0-301F-11D3-BF4B-00C04F79EFBC}") = "Assembly-CSharp", "Assembly-CSharp.csproj", "{5E654687-AB6C-4253-697D-CD95BF6C5691}"
EndProject
Project("{FAE04EC0-301F-11D3-BF4B-00C04F79EFBC}") = "Unity.Mathematics.Editor", "Unity.Mathematics.Editor.csproj", "{4F60D0B3-96F8-A5D4-C9DA-7FF619FF194A}"
EndProject
Project("{FAE04EC0-301F-11D3-BF4B-00C04F79EFBC}") = "Unity.2D.Tilemap.Extras", "Unity.2D.Tilemap.Extras.csproj", "{421407C8-6AC0-3CD9-7CC3-30E4537DCDD8}"
EndProject
Project("{FAE04EC0-301F-11D3-BF4B-00C04F79EFBC}") = "Unity.CollabProxy.Editor", "Unity.CollabProxy.Editor.csproj", "{C3D8A617-C702-B005-9B85-C44778FE5438}"
EndProject
Project("{FAE04EC0-301F-11D3-BF4B-00C04F79EFBC}") = "Unity.ShaderGraph.Utilities", "Unity.ShaderGraph.Utilities.csproj", "{2799B83D-2C12-0730-81C8-40D7EFBC7EB6}"
EndProject
Project("{FAE04EC0-301F-11D3-BF4B-00C04F79EFBC}") = "Unity.VisualScripting.Shared.Editor", "Unity.VisualScripting.Shared.Editor.csproj", "{7A99A0CC-AE33-18BC-0A85-87B2B1BC9E0C}"
EndProject
Project("{FAE04EC0-301F-11D3-BF4B-00C04F79EFBC}") = "Unity.Collections.DocCodeSamples", "Unity.Collections.DocCodeSamples.csproj", "{13FAA3B7-DB41-64B5-DB50-799F2AA433A6}"
EndProject
Project("{FAE04EC0-301F-11D3-BF4B-00C04F79EFBC}") = "Unity.PlasticSCM.Editor.Entities", "Unity.PlasticSCM.Editor.Entities.csproj", "{B977AA10-EF9C-5A57-0B18-B504EDF9EA2C}"
EndProject
Project("{FAE04EC0-301F-11D3-BF4B-00C04F79EFBC}") = "Unity.Collections.BurstCompatibilityGen", "Unity.Collections.BurstCompatibilityGen.csproj", "{5278C173-CF54-A412-E737-31E07E6E7774}"
EndProject
Project("{FAE04EC0-301F-11D3-BF4B-00C04F79EFBC}") = "Unity.RenderPipelines.Universal.Config.Runtime", "Unity.RenderPipelines.Universal.Config.Runtime.csproj", "{259532DA-A19D-AD29-6D1E-520173E9EBFD}"
EndProject
Project("{FAE04EC0-301F-11D3-BF4B-00C04F79EFBC}") = "Unity.RenderPipelines.ShaderGraph.ShaderGraphLibrary", "Unity.RenderPipelines.ShaderGraph.ShaderGraphLibrary.csproj", "{75011C7B-8EE7-5ED5-327B-9E13696F07F5}"
EndProject
Project("{FAE04EC0-301F-11D3-BF4B-00C04F79EFBC}") = "Unity.RenderPipelines.Core.ShaderLibrary", "Unity.RenderPipelines.Core.ShaderLibrary.csproj", "{47C5C468-D37C-72DF-7B9B-4E0929F1D896}"
EndProject
Project("{FAE04EC0-301F-11D3-BF4B-00C04F79EFBC}") = "Unity.RenderPipelines.Universal.Shaders", "Unity.RenderPipelines.Universal.Shaders.csproj", "{882E4710-D8CC-47D5-42A3-46467152193F}"
EndProject
Global
	GlobalSection(SolutionConfigurationPlatforms) = preSolution
		Debug|Any CPU = Debug|Any CPU
		Release|Any CPU = Release|Any CPU
	EndGlobalSection
	GlobalSection(ProjectConfigurationPlatforms) = postSolution
		{8D672FE8-8BEF-ABD5-79FE-E3B4EED6EA4E}.Debug|Any CPU.ActiveCfg = Debug|Any CPU
		{8D672FE8-8BEF-ABD5-79FE-E3B4EED6EA4E}.Debug|Any CPU.Build.0 = Debug|Any CPU
		{8D672FE8-8BEF-ABD5-79FE-E3B4EED6EA4E}.Release|Any CPU.ActiveCfg = Release|Any CPU
		{8D672FE8-8BEF-ABD5-79FE-E3B4EED6EA4E}.Release|Any CPU.Build.0 = Release|Any CPU
		{4EAEAA6E-A8E5-C7E2-0697-28D89A550CB8}.Debug|Any CPU.ActiveCfg = Debug|Any CPU
		{4EAEAA6E-A8E5-C7E2-0697-28D89A550CB8}.Debug|Any CPU.Build.0 = Debug|Any CPU
		{4EAEAA6E-A8E5-C7E2-0697-28D89A550CB8}.Release|Any CPU.ActiveCfg = Release|Any CPU
		{4EAEAA6E-A8E5-C7E2-0697-28D89A550CB8}.Release|Any CPU.Build.0 = Release|Any CPU
		{0322FC5D-D739-B1E3-3107-05837D39072A}.Debug|Any CPU.ActiveCfg = Debug|Any CPU
		{0322FC5D-D739-B1E3-3107-05837D39072A}.Debug|Any CPU.Build.0 = Debug|Any CPU
		{0322FC5D-D739-B1E3-3107-05837D39072A}.Release|Any CPU.ActiveCfg = Release|Any CPU
		{0322FC5D-D739-B1E3-3107-05837D39072A}.Release|Any CPU.Build.0 = Release|Any CPU
		{5D61135D-846B-EBED-75C3-CFCB737BA416}.Debug|Any CPU.ActiveCfg = Debug|Any CPU
		{5D61135D-846B-EBED-75C3-CFCB737BA416}.Debug|Any CPU.Build.0 = Debug|Any CPU
		{5D61135D-846B-EBED-75C3-CFCB737BA416}.Release|Any CPU.ActiveCfg = Release|Any CPU
		{5D61135D-846B-EBED-75C3-CFCB737BA416}.Release|Any CPU.Build.0 = Release|Any CPU
		{D86A01AE-6ABD-9EAF-7C44-EE1F37D5489F}.Debug|Any CPU.ActiveCfg = Debug|Any CPU
		{D86A01AE-6ABD-9EAF-7C44-EE1F37D5489F}.Debug|Any CPU.Build.0 = Debug|Any CPU
		{D86A01AE-6ABD-9EAF-7C44-EE1F37D5489F}.Release|Any CPU.ActiveCfg = Release|Any CPU
		{D86A01AE-6ABD-9EAF-7C44-EE1F37D5489F}.Release|Any CPU.Build.0 = Release|Any CPU
		{FD4B93DA-E197-6BD5-64CC-D96767CE7548}.Debug|Any CPU.ActiveCfg = Debug|Any CPU
		{FD4B93DA-E197-6BD5-64CC-D96767CE7548}.Debug|Any CPU.Build.0 = Debug|Any CPU
		{FD4B93DA-E197-6BD5-64CC-D96767CE7548}.Release|Any CPU.ActiveCfg = Release|Any CPU
		{FD4B93DA-E197-6BD5-64CC-D96767CE7548}.Release|Any CPU.Build.0 = Release|Any CPU
		{C0273606-A8BC-3F02-8602-5AE54A766A17}.Debug|Any CPU.ActiveCfg = Debug|Any CPU
		{C0273606-A8BC-3F02-8602-5AE54A766A17}.Debug|Any CPU.Build.0 = Debug|Any CPU
		{C0273606-A8BC-3F02-8602-5AE54A766A17}.Release|Any CPU.ActiveCfg = Release|Any CPU
		{C0273606-A8BC-3F02-8602-5AE54A766A17}.Release|Any CPU.Build.0 = Release|Any CPU
		{2D5C4EE5-78F8-EB19-0668-4530CAFAEB95}.Debug|Any CPU.ActiveCfg = Debug|Any CPU
		{2D5C4EE5-78F8-EB19-0668-4530CAFAEB95}.Debug|Any CPU.Build.0 = Debug|Any CPU
		{2D5C4EE5-78F8-EB19-0668-4530CAFAEB95}.Release|Any CPU.ActiveCfg = Release|Any CPU
		{2D5C4EE5-78F8-EB19-0668-4530CAFAEB95}.Release|Any CPU.Build.0 = Release|Any CPU
		{6733947E-707A-C450-6ED9-70ACBD475E88}.Debug|Any CPU.ActiveCfg = Debug|Any CPU
		{6733947E-707A-C450-6ED9-70ACBD475E88}.Debug|Any CPU.Build.0 = Debug|Any CPU
		{6733947E-707A-C450-6ED9-70ACBD475E88}.Release|Any CPU.ActiveCfg = Release|Any CPU
		{6733947E-707A-C450-6ED9-70ACBD475E88}.Release|Any CPU.Build.0 = Release|Any CPU
		{9B45EEA6-0EF1-DB82-16C4-B0E6BBB9B078}.Debug|Any CPU.ActiveCfg = Debug|Any CPU
		{9B45EEA6-0EF1-DB82-16C4-B0E6BBB9B078}.Debug|Any CPU.Build.0 = Debug|Any CPU
		{9B45EEA6-0EF1-DB82-16C4-B0E6BBB9B078}.Release|Any CPU.ActiveCfg = Release|Any CPU
		{9B45EEA6-0EF1-DB82-16C4-B0E6BBB9B078}.Release|Any CPU.Build.0 = Release|Any CPU
		{38313A43-5697-905A-3B9F-66170E6C4368}.Debug|Any CPU.ActiveCfg = Debug|Any CPU
		{38313A43-5697-905A-3B9F-66170E6C4368}.Debug|Any CPU.Build.0 = Debug|Any CPU
		{38313A43-5697-905A-3B9F-66170E6C4368}.Release|Any CPU.ActiveCfg = Release|Any CPU
		{38313A43-5697-905A-3B9F-66170E6C4368}.Release|Any CPU.Build.0 = Release|Any CPU
		{8953895E-96E4-6EED-2981-AC4D04665845}.Debug|Any CPU.ActiveCfg = Debug|Any CPU
		{8953895E-96E4-6EED-2981-AC4D04665845}.Debug|Any CPU.Build.0 = Debug|Any CPU
		{8953895E-96E4-6EED-2981-AC4D04665845}.Release|Any CPU.ActiveCfg = Release|Any CPU
		{8953895E-96E4-6EED-2981-AC4D04665845}.Release|Any CPU.Build.0 = Release|Any CPU
		{3ACFC61F-53AB-613E-7186-2CA3FC3F8F5D}.Debug|Any CPU.ActiveCfg = Debug|Any CPU
		{3ACFC61F-53AB-613E-7186-2CA3FC3F8F5D}.Debug|Any CPU.Build.0 = Debug|Any CPU
		{3ACFC61F-53AB-613E-7186-2CA3FC3F8F5D}.Release|Any CPU.ActiveCfg = Release|Any CPU
		{3ACFC61F-53AB-613E-7186-2CA3FC3F8F5D}.Release|Any CPU.Build.0 = Release|Any CPU
		{07256922-2FBA-D0FF-6FF5-5802E58CDE46}.Debug|Any CPU.ActiveCfg = Debug|Any CPU
		{07256922-2FBA-D0FF-6FF5-5802E58CDE46}.Debug|Any CPU.Build.0 = Debug|Any CPU
		{07256922-2FBA-D0FF-6FF5-5802E58CDE46}.Release|Any CPU.ActiveCfg = Release|Any CPU
		{07256922-2FBA-D0FF-6FF5-5802E58CDE46}.Release|Any CPU.Build.0 = Release|Any CPU
		{F3B6BEFB-921F-1DA9-BB87-1DD96CB87C4B}.Debug|Any CPU.ActiveCfg = Debug|Any CPU
		{F3B6BEFB-921F-1DA9-BB87-1DD96CB87C4B}.Debug|Any CPU.Build.0 = Debug|Any CPU
		{F3B6BEFB-921F-1DA9-BB87-1DD96CB87C4B}.Release|Any CPU.ActiveCfg = Release|Any CPU
		{F3B6BEFB-921F-1DA9-BB87-1DD96CB87C4B}.Release|Any CPU.Build.0 = Release|Any CPU
		{0C453135-1CB6-CF3F-0B72-FC899EB7A48C}.Debug|Any CPU.ActiveCfg = Debug|Any CPU
		{0C453135-1CB6-CF3F-0B72-FC899EB7A48C}.Debug|Any CPU.Build.0 = Debug|Any CPU
		{0C453135-1CB6-CF3F-0B72-FC899EB7A48C}.Release|Any CPU.ActiveCfg = Release|Any CPU
		{0C453135-1CB6-CF3F-0B72-FC899EB7A48C}.Release|Any CPU.Build.0 = Release|Any CPU
		{F1053FD4-FF45-85CF-E548-BC424623A26D}.Debug|Any CPU.ActiveCfg = Debug|Any CPU
		{F1053FD4-FF45-85CF-E548-BC424623A26D}.Debug|Any CPU.Build.0 = Debug|Any CPU
		{F1053FD4-FF45-85CF-E548-BC424623A26D}.Release|Any CPU.ActiveCfg = Release|Any CPU
		{F1053FD4-FF45-85CF-E548-BC424623A26D}.Release|Any CPU.Build.0 = Release|Any CPU
		{22394E08-0D89-86A2-1107-748F8C35EC47}.Debug|Any CPU.ActiveCfg = Debug|Any CPU
		{22394E08-0D89-86A2-1107-748F8C35EC47}.Debug|Any CPU.Build.0 = Debug|Any CPU
		{22394E08-0D89-86A2-1107-748F8C35EC47}.Release|Any CPU.ActiveCfg = Release|Any CPU
		{22394E08-0D89-86A2-1107-748F8C35EC47}.Release|Any CPU.Build.0 = Release|Any CPU
		{4D2414DF-6B65-337D-197E-3F94108DBFB3}.Debug|Any CPU.ActiveCfg = Debug|Any CPU
		{4D2414DF-6B65-337D-197E-3F94108DBFB3}.Debug|Any CPU.Build.0 = Debug|Any CPU
		{4D2414DF-6B65-337D-197E-3F94108DBFB3}.Release|Any CPU.ActiveCfg = Release|Any CPU
		{4D2414DF-6B65-337D-197E-3F94108DBFB3}.Release|Any CPU.Build.0 = Release|Any CPU
		{410F25A0-DA2A-1642-D118-C99FCA0C5824}.Debug|Any CPU.ActiveCfg = Debug|Any CPU
		{410F25A0-DA2A-1642-D118-C99FCA0C5824}.Debug|Any CPU.Build.0 = Debug|Any CPU
		{410F25A0-DA2A-1642-D118-C99FCA0C5824}.Release|Any CPU.ActiveCfg = Release|Any CPU
		{410F25A0-DA2A-1642-D118-C99FCA0C5824}.Release|Any CPU.Build.0 = Release|Any CPU
		{CB8A89E9-902D-79AE-8FB1-067D0436E2BA}.Debug|Any CPU.ActiveCfg = Debug|Any CPU
		{CB8A89E9-902D-79AE-8FB1-067D0436E2BA}.Debug|Any CPU.Build.0 = Debug|Any CPU
		{CB8A89E9-902D-79AE-8FB1-067D0436E2BA}.Release|Any CPU.ActiveCfg = Release|Any CPU
		{CB8A89E9-902D-79AE-8FB1-067D0436E2BA}.Release|Any CPU.Build.0 = Release|Any CPU
		{1D61A87B-ED1E-AB49-12DF-E67468F13063}.Debug|Any CPU.ActiveCfg = Debug|Any CPU
		{1D61A87B-ED1E-AB49-12DF-E67468F13063}.Debug|Any CPU.Build.0 = Debug|Any CPU
		{1D61A87B-ED1E-AB49-12DF-E67468F13063}.Release|Any CPU.ActiveCfg = Release|Any CPU
		{1D61A87B-ED1E-AB49-12DF-E67468F13063}.Release|Any CPU.Build.0 = Release|Any CPU
		{5645AFDB-B764-542F-456A-EB5A61A5108F}.Debug|Any CPU.ActiveCfg = Debug|Any CPU
		{5645AFDB-B764-542F-456A-EB5A61A5108F}.Debug|Any CPU.Build.0 = Debug|Any CPU
		{5645AFDB-B764-542F-456A-EB5A61A5108F}.Release|Any CPU.ActiveCfg = Release|Any CPU
		{5645AFDB-B764-542F-456A-EB5A61A5108F}.Release|Any CPU.Build.0 = Release|Any CPU
		{99C46EE6-DFAB-378A-0FB0-BCF19EEDC099}.Debug|Any CPU.ActiveCfg = Debug|Any CPU
		{99C46EE6-DFAB-378A-0FB0-BCF19EEDC099}.Debug|Any CPU.Build.0 = Debug|Any CPU
		{99C46EE6-DFAB-378A-0FB0-BCF19EEDC099}.Release|Any CPU.ActiveCfg = Release|Any CPU
		{99C46EE6-DFAB-378A-0FB0-BCF19EEDC099}.Release|Any CPU.Build.0 = Release|Any CPU
		{C8956E76-793A-58D6-A9F9-154D51E3E5A9}.Debug|Any CPU.ActiveCfg = Debug|Any CPU
		{C8956E76-793A-58D6-A9F9-154D51E3E5A9}.Debug|Any CPU.Build.0 = Debug|Any CPU
		{C8956E76-793A-58D6-A9F9-154D51E3E5A9}.Release|Any CPU.ActiveCfg = Release|Any CPU
		{C8956E76-793A-58D6-A9F9-154D51E3E5A9}.Release|Any CPU.Build.0 = Release|Any CPU
		{7EBC986A-0F2E-8640-0757-2FCF595A2D89}.Debug|Any CPU.ActiveCfg = Debug|Any CPU
		{7EBC986A-0F2E-8640-0757-2FCF595A2D89}.Debug|Any CPU.Build.0 = Debug|Any CPU
		{7EBC986A-0F2E-8640-0757-2FCF595A2D89}.Release|Any CPU.ActiveCfg = Release|Any CPU
		{7EBC986A-0F2E-8640-0757-2FCF595A2D89}.Release|Any CPU.Build.0 = Release|Any CPU
		{FD6844C3-1710-50D3-C7D2-B93A4EFCD70B}.Debug|Any CPU.ActiveCfg = Debug|Any CPU
		{FD6844C3-1710-50D3-C7D2-B93A4EFCD70B}.Debug|Any CPU.Build.0 = Debug|Any CPU
		{FD6844C3-1710-50D3-C7D2-B93A4EFCD70B}.Release|Any CPU.ActiveCfg = Release|Any CPU
		{FD6844C3-1710-50D3-C7D2-B93A4EFCD70B}.Release|Any CPU.Build.0 = Release|Any CPU
		{58104BB9-BE37-CE66-9CE3-6D6FA2215692}.Debug|Any CPU.ActiveCfg = Debug|Any CPU
		{58104BB9-BE37-CE66-9CE3-6D6FA2215692}.Debug|Any CPU.Build.0 = Debug|Any CPU
		{58104BB9-BE37-CE66-9CE3-6D6FA2215692}.Release|Any CPU.ActiveCfg = Release|Any CPU
		{58104BB9-BE37-CE66-9CE3-6D6FA2215692}.Release|Any CPU.Build.0 = Release|Any CPU
		{42B1E612-6E50-0B39-D20F-029E72201183}.Debug|Any CPU.ActiveCfg = Debug|Any CPU
		{42B1E612-6E50-0B39-D20F-029E72201183}.Debug|Any CPU.Build.0 = Debug|Any CPU
		{42B1E612-6E50-0B39-D20F-029E72201183}.Release|Any CPU.ActiveCfg = Release|Any CPU
		{42B1E612-6E50-0B39-D20F-029E72201183}.Release|Any CPU.Build.0 = Release|Any CPU
		{7E51E005-AC7E-7D1C-EB6E-A5C748CFA9F3}.Debug|Any CPU.ActiveCfg = Debug|Any CPU
		{7E51E005-AC7E-7D1C-EB6E-A5C748CFA9F3}.Debug|Any CPU.Build.0 = Debug|Any CPU
		{7E51E005-AC7E-7D1C-EB6E-A5C748CFA9F3}.Release|Any CPU.ActiveCfg = Release|Any CPU
		{7E51E005-AC7E-7D1C-EB6E-A5C748CFA9F3}.Release|Any CPU.Build.0 = Release|Any CPU
		{CEC64C0E-FD27-F8F8-B2AB-88221B9618A8}.Debug|Any CPU.ActiveCfg = Debug|Any CPU
		{CEC64C0E-FD27-F8F8-B2AB-88221B9618A8}.Debug|Any CPU.Build.0 = Debug|Any CPU
		{CEC64C0E-FD27-F8F8-B2AB-88221B9618A8}.Release|Any CPU.ActiveCfg = Release|Any CPU
		{CEC64C0E-FD27-F8F8-B2AB-88221B9618A8}.Release|Any CPU.Build.0 = Release|Any CPU
		{35D1E245-DC89-CEA2-2C64-6CE0BD4DAF99}.Debug|Any CPU.ActiveCfg = Debug|Any CPU
		{35D1E245-DC89-CEA2-2C64-6CE0BD4DAF99}.Debug|Any CPU.Build.0 = Debug|Any CPU
		{35D1E245-DC89-CEA2-2C64-6CE0BD4DAF99}.Release|Any CPU.ActiveCfg = Release|Any CPU
		{35D1E245-DC89-CEA2-2C64-6CE0BD4DAF99}.Release|Any CPU.Build.0 = Release|Any CPU
		{6283F470-A880-0F3F-26FB-D7E7AAA12A4D}.Debug|Any CPU.ActiveCfg = Debug|Any CPU
		{6283F470-A880-0F3F-26FB-D7E7AAA12A4D}.Debug|Any CPU.Build.0 = Debug|Any CPU
		{6283F470-A880-0F3F-26FB-D7E7AAA12A4D}.Release|Any CPU.ActiveCfg = Release|Any CPU
		{6283F470-A880-0F3F-26FB-D7E7AAA12A4D}.Release|Any CPU.Build.0 = Release|Any CPU
		{B8F851B1-6B8C-34A1-64AD-874BE8C51C94}.Debug|Any CPU.ActiveCfg = Debug|Any CPU
		{B8F851B1-6B8C-34A1-64AD-874BE8C51C94}.Debug|Any CPU.Build.0 = Debug|Any CPU
		{B8F851B1-6B8C-34A1-64AD-874BE8C51C94}.Release|Any CPU.ActiveCfg = Release|Any CPU
		{B8F851B1-6B8C-34A1-64AD-874BE8C51C94}.Release|Any CPU.Build.0 = Release|Any CPU
		{D8346BD7-4692-D630-2B0A-2D7C1295F439}.Debug|Any CPU.ActiveCfg = Debug|Any CPU
		{D8346BD7-4692-D630-2B0A-2D7C1295F439}.Debug|Any CPU.Build.0 = Debug|Any CPU
		{D8346BD7-4692-D630-2B0A-2D7C1295F439}.Release|Any CPU.ActiveCfg = Release|Any CPU
		{D8346BD7-4692-D630-2B0A-2D7C1295F439}.Release|Any CPU.Build.0 = Release|Any CPU
		{CE750CED-7D9C-2B19-6961-12B9017B93A9}.Debug|Any CPU.ActiveCfg = Debug|Any CPU
		{CE750CED-7D9C-2B19-6961-12B9017B93A9}.Debug|Any CPU.Build.0 = Debug|Any CPU
		{CE750CED-7D9C-2B19-6961-12B9017B93A9}.Release|Any CPU.ActiveCfg = Release|Any CPU
		{CE750CED-7D9C-2B19-6961-12B9017B93A9}.Release|Any CPU.Build.0 = Release|Any CPU
		{4D53DC7B-538F-572B-A26D-2D133E29F799}.Debug|Any CPU.ActiveCfg = Debug|Any CPU
		{4D53DC7B-538F-572B-A26D-2D133E29F799}.Debug|Any CPU.Build.0 = Debug|Any CPU
		{4D53DC7B-538F-572B-A26D-2D133E29F799}.Release|Any CPU.ActiveCfg = Release|Any CPU
		{4D53DC7B-538F-572B-A26D-2D133E29F799}.Release|Any CPU.Build.0 = Release|Any CPU
		{D807CF9F-E28E-34BC-A0EE-95002A9F96EC}.Debug|Any CPU.ActiveCfg = Debug|Any CPU
		{D807CF9F-E28E-34BC-A0EE-95002A9F96EC}.Debug|Any CPU.Build.0 = Debug|Any CPU
		{D807CF9F-E28E-34BC-A0EE-95002A9F96EC}.Release|Any CPU.ActiveCfg = Release|Any CPU
		{D807CF9F-E28E-34BC-A0EE-95002A9F96EC}.Release|Any CPU.Build.0 = Release|Any CPU
		{12CADA85-1FCD-190B-3747-BF40F066EB16}.Debug|Any CPU.ActiveCfg = Debug|Any CPU
		{12CADA85-1FCD-190B-3747-BF40F066EB16}.Debug|Any CPU.Build.0 = Debug|Any CPU
		{12CADA85-1FCD-190B-3747-BF40F066EB16}.Release|Any CPU.ActiveCfg = Release|Any CPU
		{12CADA85-1FCD-190B-3747-BF40F066EB16}.Release|Any CPU.Build.0 = Release|Any CPU
		{667EBAC8-274D-8181-960B-8221370F2365}.Debug|Any CPU.ActiveCfg = Debug|Any CPU
		{667EBAC8-274D-8181-960B-8221370F2365}.Debug|Any CPU.Build.0 = Debug|Any CPU
		{667EBAC8-274D-8181-960B-8221370F2365}.Release|Any CPU.ActiveCfg = Release|Any CPU
		{667EBAC8-274D-8181-960B-8221370F2365}.Release|Any CPU.Build.0 = Release|Any CPU
		{12CEE3D5-2F4D-E569-543C-6E78A6404E54}.Debug|Any CPU.ActiveCfg = Debug|Any CPU
		{12CEE3D5-2F4D-E569-543C-6E78A6404E54}.Debug|Any CPU.Build.0 = Debug|Any CPU
		{12CEE3D5-2F4D-E569-543C-6E78A6404E54}.Release|Any CPU.ActiveCfg = Release|Any CPU
		{12CEE3D5-2F4D-E569-543C-6E78A6404E54}.Release|Any CPU.Build.0 = Release|Any CPU
		{65A8D28B-A5D4-5011-E2C2-DF116EDA58A8}.Debug|Any CPU.ActiveCfg = Debug|Any CPU
		{65A8D28B-A5D4-5011-E2C2-DF116EDA58A8}.Debug|Any CPU.Build.0 = Debug|Any CPU
		{65A8D28B-A5D4-5011-E2C2-DF116EDA58A8}.Release|Any CPU.ActiveCfg = Release|Any CPU
		{65A8D28B-A5D4-5011-E2C2-DF116EDA58A8}.Release|Any CPU.Build.0 = Release|Any CPU
		{E6A6E9BC-EEE2-A281-0991-10532DFAA2E8}.Debug|Any CPU.ActiveCfg = Debug|Any CPU
		{E6A6E9BC-EEE2-A281-0991-10532DFAA2E8}.Debug|Any CPU.Build.0 = Debug|Any CPU
		{E6A6E9BC-EEE2-A281-0991-10532DFAA2E8}.Release|Any CPU.ActiveCfg = Release|Any CPU
		{E6A6E9BC-EEE2-A281-0991-10532DFAA2E8}.Release|Any CPU.Build.0 = Release|Any CPU
		{A353B825-E7A5-8030-A495-84FEC5BE03BB}.Debug|Any CPU.ActiveCfg = Debug|Any CPU
		{A353B825-E7A5-8030-A495-84FEC5BE03BB}.Debug|Any CPU.Build.0 = Debug|Any CPU
		{A353B825-E7A5-8030-A495-84FEC5BE03BB}.Release|Any CPU.ActiveCfg = Release|Any CPU
		{A353B825-E7A5-8030-A495-84FEC5BE03BB}.Release|Any CPU.Build.0 = Release|Any CPU
		{54A98A3A-FB45-4CB5-BB0E-F340C904FCD5}.Debug|Any CPU.ActiveCfg = Debug|Any CPU
		{54A98A3A-FB45-4CB5-BB0E-F340C904FCD5}.Debug|Any CPU.Build.0 = Debug|Any CPU
		{54A98A3A-FB45-4CB5-BB0E-F340C904FCD5}.Release|Any CPU.ActiveCfg = Release|Any CPU
		{54A98A3A-FB45-4CB5-BB0E-F340C904FCD5}.Release|Any CPU.Build.0 = Release|Any CPU
		{E4C04770-91D0-1E2E-FC26-99012E102842}.Debug|Any CPU.ActiveCfg = Debug|Any CPU
		{E4C04770-91D0-1E2E-FC26-99012E102842}.Debug|Any CPU.Build.0 = Debug|Any CPU
		{E4C04770-91D0-1E2E-FC26-99012E102842}.Release|Any CPU.ActiveCfg = Release|Any CPU
		{E4C04770-91D0-1E2E-FC26-99012E102842}.Release|Any CPU.Build.0 = Release|Any CPU
		{EF6DD96C-E090-63C8-CBEC-83872B87F847}.Debug|Any CPU.ActiveCfg = Debug|Any CPU
		{EF6DD96C-E090-63C8-CBEC-83872B87F847}.Debug|Any CPU.Build.0 = Debug|Any CPU
		{EF6DD96C-E090-63C8-CBEC-83872B87F847}.Release|Any CPU.ActiveCfg = Release|Any CPU
		{EF6DD96C-E090-63C8-CBEC-83872B87F847}.Release|Any CPU.Build.0 = Release|Any CPU
		{F450AF8B-6679-D122-BC8B-995F87167A6D}.Debug|Any CPU.ActiveCfg = Debug|Any CPU
		{F450AF8B-6679-D122-BC8B-995F87167A6D}.Debug|Any CPU.Build.0 = Debug|Any CPU
		{F450AF8B-6679-D122-BC8B-995F87167A6D}.Release|Any CPU.ActiveCfg = Release|Any CPU
		{F450AF8B-6679-D122-BC8B-995F87167A6D}.Release|Any CPU.Build.0 = Release|Any CPU
		{0FA91081-5400-4CF7-DD45-0E6772BA0228}.Debug|Any CPU.ActiveCfg = Debug|Any CPU
		{0FA91081-5400-4CF7-DD45-0E6772BA0228}.Debug|Any CPU.Build.0 = Debug|Any CPU
		{0FA91081-5400-4CF7-DD45-0E6772BA0228}.Release|Any CPU.ActiveCfg = Release|Any CPU
		{0FA91081-5400-4CF7-DD45-0E6772BA0228}.Release|Any CPU.Build.0 = Release|Any CPU
		{0CE8AAFD-558D-495E-9552-3F46CEBC5058}.Debug|Any CPU.ActiveCfg = Debug|Any CPU
		{0CE8AAFD-558D-495E-9552-3F46CEBC5058}.Debug|Any CPU.Build.0 = Debug|Any CPU
		{0CE8AAFD-558D-495E-9552-3F46CEBC5058}.Release|Any CPU.ActiveCfg = Release|Any CPU
		{0CE8AAFD-558D-495E-9552-3F46CEBC5058}.Release|Any CPU.Build.0 = Release|Any CPU
		{8811E8C5-9DB6-B2EA-1D4E-57A8C447A9DA}.Debug|Any CPU.ActiveCfg = Debug|Any CPU
		{8811E8C5-9DB6-B2EA-1D4E-57A8C447A9DA}.Debug|Any CPU.Build.0 = Debug|Any CPU
		{8811E8C5-9DB6-B2EA-1D4E-57A8C447A9DA}.Release|Any CPU.ActiveCfg = Release|Any CPU
		{8811E8C5-9DB6-B2EA-1D4E-57A8C447A9DA}.Release|Any CPU.Build.0 = Release|Any CPU
		{67EE3B25-311E-2C7E-3339-8A74E85103E4}.Debug|Any CPU.ActiveCfg = Debug|Any CPU
		{67EE3B25-311E-2C7E-3339-8A74E85103E4}.Debug|Any CPU.Build.0 = Debug|Any CPU
		{67EE3B25-311E-2C7E-3339-8A74E85103E4}.Release|Any CPU.ActiveCfg = Release|Any CPU
		{67EE3B25-311E-2C7E-3339-8A74E85103E4}.Release|Any CPU.Build.0 = Release|Any CPU
		{5E654687-AB6C-4253-697D-CD95BF6C5691}.Debug|Any CPU.ActiveCfg = Debug|Any CPU
		{5E654687-AB6C-4253-697D-CD95BF6C5691}.Debug|Any CPU.Build.0 = Debug|Any CPU
		{5E654687-AB6C-4253-697D-CD95BF6C5691}.Release|Any CPU.ActiveCfg = Release|Any CPU
		{5E654687-AB6C-4253-697D-CD95BF6C5691}.Release|Any CPU.Build.0 = Release|Any CPU
		{4F60D0B3-96F8-A5D4-C9DA-7FF619FF194A}.Debug|Any CPU.ActiveCfg = Debug|Any CPU
		{4F60D0B3-96F8-A5D4-C9DA-7FF619FF194A}.Debug|Any CPU.Build.0 = Debug|Any CPU
		{4F60D0B3-96F8-A5D4-C9DA-7FF619FF194A}.Release|Any CPU.ActiveCfg = Release|Any CPU
		{4F60D0B3-96F8-A5D4-C9DA-7FF619FF194A}.Release|Any CPU.Build.0 = Release|Any CPU
		{421407C8-6AC0-3CD9-7CC3-30E4537DCDD8}.Debug|Any CPU.ActiveCfg = Debug|Any CPU
		{421407C8-6AC0-3CD9-7CC3-30E4537DCDD8}.Debug|Any CPU.Build.0 = Debug|Any CPU
		{421407C8-6AC0-3CD9-7CC3-30E4537DCDD8}.Release|Any CPU.ActiveCfg = Release|Any CPU
		{421407C8-6AC0-3CD9-7CC3-30E4537DCDD8}.Release|Any CPU.Build.0 = Release|Any CPU
		{C3D8A617-C702-B005-9B85-C44778FE5438}.Debug|Any CPU.ActiveCfg = Debug|Any CPU
		{C3D8A617-C702-B005-9B85-C44778FE5438}.Debug|Any CPU.Build.0 = Debug|Any CPU
		{C3D8A617-C702-B005-9B85-C44778FE5438}.Release|Any CPU.ActiveCfg = Release|Any CPU
		{C3D8A617-C702-B005-9B85-C44778FE5438}.Release|Any CPU.Build.0 = Release|Any CPU
		{2799B83D-2C12-0730-81C8-40D7EFBC7EB6}.Debug|Any CPU.ActiveCfg = Debug|Any CPU
		{2799B83D-2C12-0730-81C8-40D7EFBC7EB6}.Debug|Any CPU.Build.0 = Debug|Any CPU
		{2799B83D-2C12-0730-81C8-40D7EFBC7EB6}.Release|Any CPU.ActiveCfg = Release|Any CPU
		{2799B83D-2C12-0730-81C8-40D7EFBC7EB6}.Release|Any CPU.Build.0 = Release|Any CPU
		{7A99A0CC-AE33-18BC-0A85-87B2B1BC9E0C}.Debug|Any CPU.ActiveCfg = Debug|Any CPU
		{7A99A0CC-AE33-18BC-0A85-87B2B1BC9E0C}.Debug|Any CPU.Build.0 = Debug|Any CPU
		{7A99A0CC-AE33-18BC-0A85-87B2B1BC9E0C}.Release|Any CPU.ActiveCfg = Release|Any CPU
		{7A99A0CC-AE33-18BC-0A85-87B2B1BC9E0C}.Release|Any CPU.Build.0 = Release|Any CPU
		{13FAA3B7-DB41-64B5-DB50-799F2AA433A6}.Debug|Any CPU.ActiveCfg = Debug|Any CPU
		{13FAA3B7-DB41-64B5-DB50-799F2AA433A6}.Debug|Any CPU.Build.0 = Debug|Any CPU
		{13FAA3B7-DB41-64B5-DB50-799F2AA433A6}.Release|Any CPU.ActiveCfg = Release|Any CPU
		{13FAA3B7-DB41-64B5-DB50-799F2AA433A6}.Release|Any CPU.Build.0 = Release|Any CPU
		{B977AA10-EF9C-5A57-0B18-B504EDF9EA2C}.Debug|Any CPU.ActiveCfg = Debug|Any CPU
		{B977AA10-EF9C-5A57-0B18-B504EDF9EA2C}.Debug|Any CPU.Build.0 = Debug|Any CPU
		{B977AA10-EF9C-5A57-0B18-B504EDF9EA2C}.Release|Any CPU.ActiveCfg = Release|Any CPU
		{B977AA10-EF9C-5A57-0B18-B504EDF9EA2C}.Release|Any CPU.Build.0 = Release|Any CPU
		{5278C173-CF54-A412-E737-31E07E6E7774}.Debug|Any CPU.ActiveCfg = Debug|Any CPU
		{5278C173-CF54-A412-E737-31E07E6E7774}.Debug|Any CPU.Build.0 = Debug|Any CPU
		{5278C173-CF54-A412-E737-31E07E6E7774}.Release|Any CPU.ActiveCfg = Release|Any CPU
		{5278C173-CF54-A412-E737-31E07E6E7774}.Release|Any CPU.Build.0 = Release|Any CPU
		{259532DA-A19D-AD29-6D1E-520173E9EBFD}.Debug|Any CPU.ActiveCfg = Debug|Any CPU
		{259532DA-A19D-AD29-6D1E-520173E9EBFD}.Debug|Any CPU.Build.0 = Debug|Any CPU
		{259532DA-A19D-AD29-6D1E-520173E9EBFD}.Release|Any CPU.ActiveCfg = Release|Any CPU
		{259532DA-A19D-AD29-6D1E-520173E9EBFD}.Release|Any CPU.Build.0 = Release|Any CPU
		{75011C7B-8EE7-5ED5-327B-9E13696F07F5}.Debug|Any CPU.ActiveCfg = Debug|Any CPU
		{75011C7B-8EE7-5ED5-327B-9E13696F07F5}.Debug|Any CPU.Build.0 = Debug|Any CPU
		{75011C7B-8EE7-5ED5-327B-9E13696F07F5}.Release|Any CPU.ActiveCfg = Release|Any CPU
		{75011C7B-8EE7-5ED5-327B-9E13696F07F5}.Release|Any CPU.Build.0 = Release|Any CPU
		{47C5C468-D37C-72DF-7B9B-4E0929F1D896}.Debug|Any CPU.ActiveCfg = Debug|Any CPU
		{47C5C468-D37C-72DF-7B9B-4E0929F1D896}.Debug|Any CPU.Build.0 = Debug|Any CPU
		{47C5C468-D37C-72DF-7B9B-4E0929F1D896}.Release|Any CPU.ActiveCfg = Release|Any CPU
		{47C5C468-D37C-72DF-7B9B-4E0929F1D896}.Release|Any CPU.Build.0 = Release|Any CPU
		{882E4710-D8CC-47D5-42A3-46467152193F}.Debug|Any CPU.ActiveCfg = Debug|Any CPU
		{882E4710-D8CC-47D5-42A3-46467152193F}.Debug|Any CPU.Build.0 = Debug|Any CPU
		{882E4710-D8CC-47D5-42A3-46467152193F}.Release|Any CPU.ActiveCfg = Release|Any CPU
		{882E4710-D8CC-47D5-42A3-46467152193F}.Release|Any CPU.Build.0 = Release|Any CPU
	EndGlobalSection
	GlobalSection(SolutionProperties) = preSolution
		HideSolutionNode = FALSE
	EndGlobalSection
EndGlobal
